// !$*UTF8*$!
{
	archiveVersion = 1;
	classes = {
	};
	objectVersion = 55;
	objects = {

/* Begin PBXBuildFile section */
		21143B6C289B36B300AC25E9 /* AppDelegate.swift in Sources */ = {isa = PBXBuildFile; fileRef = 21143B6B289B36B300AC25E9 /* AppDelegate.swift */; };
		21143B6E289B36B300AC25E9 /* SceneDelegate.swift in Sources */ = {isa = PBXBuildFile; fileRef = 21143B6D289B36B300AC25E9 /* SceneDelegate.swift */; };
		21143B70289B36B300AC25E9 /* ViewController.swift in Sources */ = {isa = PBXBuildFile; fileRef = 21143B6F289B36B300AC25E9 /* ViewController.swift */; };
		21143B73289B36B300AC25E9 /* Main.storyboard in Resources */ = {isa = PBXBuildFile; fileRef = 21143B71289B36B300AC25E9 /* Main.storyboard */; };
		21143B75289B36B600AC25E9 /* Assets.xcassets in Resources */ = {isa = PBXBuildFile; fileRef = 21143B74289B36B600AC25E9 /* Assets.xcassets */; };
		21143B78289B36B600AC25E9 /* LaunchScreen.storyboard in Resources */ = {isa = PBXBuildFile; fileRef = 21143B76289B36B600AC25E9 /* LaunchScreen.storyboard */; };
		21143B83289B36B600AC25E9 /* Slider_partTests.swift in Sources */ = {isa = PBXBuildFile; fileRef = 21143B82289B36B600AC25E9 /* Slider_partTests.swift */; };
		21143B8D289B36B600AC25E9 /* Slider_partUITests.swift in Sources */ = {isa = PBXBuildFile; fileRef = 21143B8C289B36B600AC25E9 /* Slider_partUITests.swift */; };
		21143B8F289B36B600AC25E9 /* Slider_partUITestsLaunchTests.swift in Sources */ = {isa = PBXBuildFile; fileRef = 21143B8E289B36B600AC25E9 /* Slider_partUITestsLaunchTests.swift */; };
/* End PBXBuildFile section */

/* Begin PBXContainerItemProxy section */
		21143B7F289B36B600AC25E9 /* PBXContainerItemProxy */ = {
			isa = PBXContainerItemProxy;
			containerPortal = 21143B60289B36B300AC25E9 /* Project object */;
			proxyType = 1;
			remoteGlobalIDString = 21143B67289B36B300AC25E9;
			remoteInfo = Slider_part;
		};
		21143B89289B36B600AC25E9 /* PBXContainerItemProxy */ = {
			isa = PBXContainerItemProxy;
			containerPortal = 21143B60289B36B300AC25E9 /* Project object */;
			proxyType = 1;
			remoteGlobalIDString = 21143B67289B36B300AC25E9;
			remoteInfo = Slider_part;
		};
/* End PBXContainerItemProxy section */

/* Begin PBXFileReference section */
		21143B68289B36B300AC25E9 /* Slider_part.app */ = {isa = PBXFileReference; explicitFileType = wrapper.application; includeInIndex = 0; path = Slider_part.app; sourceTree = BUILT_PRODUCTS_DIR; };
		21143B6B289B36B300AC25E9 /* AppDelegate.swift */ = {isa = PBXFileReference; lastKnownFileType = sourcecode.swift; path = AppDelegate.swift; sourceTree = "<group>"; };
		21143B6D289B36B300AC25E9 /* SceneDelegate.swift */ = {isa = PBXFileReference; lastKnownFileType = sourcecode.swift; path = SceneDelegate.swift; sourceTree = "<group>"; };
		21143B6F289B36B300AC25E9 /* ViewController.swift */ = {isa = PBXFileReference; lastKnownFileType = sourcecode.swift; path = ViewController.swift; sourceTree = "<group>"; };
		21143B72289B36B300AC25E9 /* Base */ = {isa = PBXFileReference; lastKnownFileType = file.storyboard; name = Base; path = Base.lproj/Main.storyboard; sourceTree = "<group>"; };
		21143B74289B36B600AC25E9 /* Assets.xcassets */ = {isa = PBXFileReference; lastKnownFileType = folder.assetcatalog; path = Assets.xcassets; sourceTree = "<group>"; };
		21143B77289B36B600AC25E9 /* Base */ = {isa = PBXFileReference; lastKnownFileType = file.storyboard; name = Base; path = Base.lproj/LaunchScreen.storyboard; sourceTree = "<group>"; };
		21143B79289B36B600AC25E9 /* Info.plist */ = {isa = PBXFileReference; lastKnownFileType = text.plist.xml; path = Info.plist; sourceTree = "<group>"; };
		21143B7E289B36B600AC25E9 /* Slider_partTests.xctest */ = {isa = PBXFileReference; explicitFileType = wrapper.cfbundle; includeInIndex = 0; path = Slider_partTests.xctest; sourceTree = BUILT_PRODUCTS_DIR; };
		21143B82289B36B600AC25E9 /* Slider_partTests.swift */ = {isa = PBXFileReference; lastKnownFileType = sourcecode.swift; path = Slider_partTests.swift; sourceTree = "<group>"; };
		21143B88289B36B600AC25E9 /* Slider_partUITests.xctest */ = {isa = PBXFileReference; explicitFileType = wrapper.cfbundle; includeInIndex = 0; path = Slider_partUITests.xctest; sourceTree = BUILT_PRODUCTS_DIR; };
		21143B8C289B36B600AC25E9 /* Slider_partUITests.swift */ = {isa = PBXFileReference; lastKnownFileType = sourcecode.swift; path = Slider_partUITests.swift; sourceTree = "<group>"; };
		21143B8E289B36B600AC25E9 /* Slider_partUITestsLaunchTests.swift */ = {isa = PBXFileReference; lastKnownFileType = sourcecode.swift; path = Slider_partUITestsLaunchTests.swift; sourceTree = "<group>"; };
/* End PBXFileReference section */

/* Begin PBXFrameworksBuildPhase section */
		21143B65289B36B300AC25E9 /* Frameworks */ = {
			isa = PBXFrameworksBuildPhase;
			buildActionMask = 2147483647;
			files = (
			);
			runOnlyForDeploymentPostprocessing = 0;
		};
		21143B7B289B36B600AC25E9 /* Frameworks */ = {
			isa = PBXFrameworksBuildPhase;
			buildActionMask = 2147483647;
			files = (
			);
			runOnlyForDeploymentPostprocessing = 0;
		};
		21143B85289B36B600AC25E9 /* Frameworks */ = {
			isa = PBXFrameworksBuildPhase;
			buildActionMask = 2147483647;
			files = (
			);
			runOnlyForDeploymentPostprocessing = 0;
		};
/* End PBXFrameworksBuildPhase section */

/* Begin PBXGroup section */
		21143B5F289B36B300AC25E9 = {
			isa = PBXGroup;
			children = (
				21143B6A289B36B300AC25E9 /* Slider_part */,
				21143B81289B36B600AC25E9 /* Slider_partTests */,
				21143B8B289B36B600AC25E9 /* Slider_partUITests */,
				21143B69289B36B300AC25E9 /* Products */,
			);
			sourceTree = "<group>";
		};
		21143B69289B36B300AC25E9 /* Products */ = {
			isa = PBXGroup;
			children = (
				21143B68289B36B300AC25E9 /* Slider_part.app */,
				21143B7E289B36B600AC25E9 /* Slider_partTests.xctest */,
				21143B88289B36B600AC25E9 /* Slider_partUITests.xctest */,
			);
			name = Products;
			sourceTree = "<group>";
		};
		21143B6A289B36B300AC25E9 /* Slider_part */ = {
			isa = PBXGroup;
			children = (
				21143B6B289B36B300AC25E9 /* AppDelegate.swift */,
				21143B6D289B36B300AC25E9 /* SceneDelegate.swift */,
				21143B6F289B36B300AC25E9 /* ViewController.swift */,
				21143B71289B36B300AC25E9 /* Main.storyboard */,
				21143B74289B36B600AC25E9 /* Assets.xcassets */,
				21143B76289B36B600AC25E9 /* LaunchScreen.storyboard */,
				21143B79289B36B600AC25E9 /* Info.plist */,
			);
			path = Slider_part;
			sourceTree = "<group>";
		};
		21143B81289B36B600AC25E9 /* Slider_partTests */ = {
			isa = PBXGroup;
			children = (
				21143B82289B36B600AC25E9 /* Slider_partTests.swift */,
			);
			path = Slider_partTests;
			sourceTree = "<group>";
		};
		21143B8B289B36B600AC25E9 /* Slider_partUITests */ = {
			isa = PBXGroup;
			children = (
				21143B8C289B36B600AC25E9 /* Slider_partUITests.swift */,
				21143B8E289B36B600AC25E9 /* Slider_partUITestsLaunchTests.swift */,
			);
			path = Slider_partUITests;
			sourceTree = "<group>";
		};
/* End PBXGroup section */

/* Begin PBXNativeTarget section */
		21143B67289B36B300AC25E9 /* Slider_part */ = {
			isa = PBXNativeTarget;
			buildConfigurationList = 21143B92289B36B600AC25E9 /* Build configuration list for PBXNativeTarget "Slider_part" */;
			buildPhases = (
				21143B64289B36B300AC25E9 /* Sources */,
				21143B65289B36B300AC25E9 /* Frameworks */,
				21143B66289B36B300AC25E9 /* Resources */,
			);
			buildRules = (
			);
			dependencies = (
			);
			name = Slider_part;
			productName = Slider_part;
			productReference = 21143B68289B36B300AC25E9 /* Slider_part.app */;
			productType = "com.apple.product-type.application";
		};
		21143B7D289B36B600AC25E9 /* Slider_partTests */ = {
			isa = PBXNativeTarget;
			buildConfigurationList = 21143B95289B36B600AC25E9 /* Build configuration list for PBXNativeTarget "Slider_partTests" */;
			buildPhases = (
				21143B7A289B36B600AC25E9 /* Sources */,
				21143B7B289B36B600AC25E9 /* Frameworks */,
				21143B7C289B36B600AC25E9 /* Resources */,
			);
			buildRules = (
			);
			dependencies = (
				21143B80289B36B600AC25E9 /* PBXTargetDependency */,
			);
			name = Slider_partTests;
			productName = Slider_partTests;
			productReference = 21143B7E289B36B600AC25E9 /* Slider_partTests.xctest */;
			productType = "com.apple.product-type.bundle.unit-test";
		};
		21143B87289B36B600AC25E9 /* Slider_partUITests */ = {
			isa = PBXNativeTarget;
			buildConfigurationList = 21143B98289B36B600AC25E9 /* Build configuration list for PBXNativeTarget "Slider_partUITests" */;
			buildPhases = (
				21143B84289B36B600AC25E9 /* Sources */,
				21143B85289B36B600AC25E9 /* Frameworks */,
				21143B86289B36B600AC25E9 /* Resources */,
			);
			buildRules = (
			);
			dependencies = (
				21143B8A289B36B600AC25E9 /* PBXTargetDependency */,
			);
			name = Slider_partUITests;
			productName = Slider_partUITests;
			productReference = 21143B88289B36B600AC25E9 /* Slider_partUITests.xctest */;
			productType = "com.apple.product-type.bundle.ui-testing";
		};
/* End PBXNativeTarget section */

/* Begin PBXProject section */
		21143B60289B36B300AC25E9 /* Project object */ = {
			isa = PBXProject;
			attributes = {
				BuildIndependentTargetsInParallel = 1;
				LastSwiftUpdateCheck = 1340;
				LastUpgradeCheck = 1340;
				TargetAttributes = {
					21143B67289B36B300AC25E9 = {
						CreatedOnToolsVersion = 13.4.1;
					};
					21143B7D289B36B600AC25E9 = {
						CreatedOnToolsVersion = 13.4.1;
						TestTargetID = 21143B67289B36B300AC25E9;
					};
					21143B87289B36B600AC25E9 = {
						CreatedOnToolsVersion = 13.4.1;
						TestTargetID = 21143B67289B36B300AC25E9;
					};
				};
			};
			buildConfigurationList = 21143B63289B36B300AC25E9 /* Build configuration list for PBXProject "Slider_part" */;
			compatibilityVersion = "Xcode 13.0";
			developmentRegion = en;
			hasScannedForEncodings = 0;
			knownRegions = (
				en,
				Base,
			);
			mainGroup = 21143B5F289B36B300AC25E9;
			productRefGroup = 21143B69289B36B300AC25E9 /* Products */;
			projectDirPath = "";
			projectRoot = "";
			targets = (
				21143B67289B36B300AC25E9 /* Slider_part */,
				21143B7D289B36B600AC25E9 /* Slider_partTests */,
				21143B87289B36B600AC25E9 /* Slider_partUITests */,
			);
		};
/* End PBXProject section */

/* Begin PBXResourcesBuildPhase section */
		21143B66289B36B300AC25E9 /* Resources */ = {
			isa = PBXResourcesBuildPhase;
			buildActionMask = 2147483647;
			files = (
				21143B78289B36B600AC25E9 /* LaunchScreen.storyboard in Resources */,
				21143B75289B36B600AC25E9 /* Assets.xcassets in Resources */,
				21143B73289B36B300AC25E9 /* Main.storyboard in Resources */,
			);
			runOnlyForDeploymentPostprocessing = 0;
		};
		21143B7C289B36B600AC25E9 /* Resources */ = {
			isa = PBXResourcesBuildPhase;
			buildActionMask = 2147483647;
			files = (
			);
			runOnlyForDeploymentPostprocessing = 0;
		};
		21143B86289B36B600AC25E9 /* Resources */ = {
			isa = PBXResourcesBuildPhase;
			buildActionMask = 2147483647;
			files = (
			);
			runOnlyForDeploymentPostprocessing = 0;
		};
/* End PBXResourcesBuildPhase section */

/* Begin PBXSourcesBuildPhase section */
		21143B64289B36B300AC25E9 /* Sources */ = {
			isa = PBXSourcesBuildPhase;
			buildActionMask = 2147483647;
			files = (
				21143B70289B36B300AC25E9 /* ViewController.swift in Sources */,
				21143B6C289B36B300AC25E9 /* AppDelegate.swift in Sources */,
				21143B6E289B36B300AC25E9 /* SceneDelegate.swift in Sources */,
			);
			runOnlyForDeploymentPostprocessing = 0;
		};
		21143B7A289B36B600AC25E9 /* Sources */ = {
			isa = PBXSourcesBuildPhase;
			buildActionMask = 2147483647;
			files = (
				21143B83289B36B600AC25E9 /* Slider_partTests.swift in Sources */,
			);
			runOnlyForDeploymentPostprocessing = 0;
		};
		21143B84289B36B600AC25E9 /* Sources */ = {
			isa = PBXSourcesBuildPhase;
			buildActionMask = 2147483647;
			files = (
				21143B8F289B36B600AC25E9 /* Slider_partUITestsLaunchTests.swift in Sources */,
				21143B8D289B36B600AC25E9 /* Slider_partUITests.swift in Sources */,
			);
			runOnlyForDeploymentPostprocessing = 0;
		};
/* End PBXSourcesBuildPhase section */

/* Begin PBXTargetDependency section */
		21143B80289B36B600AC25E9 /* PBXTargetDependency */ = {
			isa = PBXTargetDependency;
			target = 21143B67289B36B300AC25E9 /* Slider_part */;
			targetProxy = 21143B7F289B36B600AC25E9 /* PBXContainerItemProxy */;
		};
		21143B8A289B36B600AC25E9 /* PBXTargetDependency */ = {
			isa = PBXTargetDependency;
			target = 21143B67289B36B300AC25E9 /* Slider_part */;
			targetProxy = 21143B89289B36B600AC25E9 /* PBXContainerItemProxy */;
		};
/* End PBXTargetDependency section */

/* Begin PBXVariantGroup section */
		21143B71289B36B300AC25E9 /* Main.storyboard */ = {
			isa = PBXVariantGroup;
			children = (
				21143B72289B36B300AC25E9 /* Base */,
			);
			name = Main.storyboard;
			sourceTree = "<group>";
		};
		21143B76289B36B600AC25E9 /* LaunchScreen.storyboard */ = {
			isa = PBXVariantGroup;
			children = (
				21143B77289B36B600AC25E9 /* Base */,
			);
			name = LaunchScreen.storyboard;
			sourceTree = "<group>";
		};
/* End PBXVariantGroup section */

/* Begin XCBuildConfiguration section */
		21143B90289B36B600AC25E9 /* Debug */ = {
			isa = XCBuildConfiguration;
			buildSettings = {
				ALWAYS_SEARCH_USER_PATHS = NO;
				CLANG_ANALYZER_NONNULL = YES;
				CLANG_ANALYZER_NUMBER_OBJECT_CONVERSION = YES_AGGRESSIVE;
				CLANG_CXX_LANGUAGE_STANDARD = "gnu++17";
				CLANG_ENABLE_MODULES = YES;
				CLANG_ENABLE_OBJC_ARC = YES;
				CLANG_ENABLE_OBJC_WEAK = YES;
				CLANG_WARN_BLOCK_CAPTURE_AUTORELEASING = YES;
				CLANG_WARN_BOOL_CONVERSION = YES;
				CLANG_WARN_COMMA = YES;
				CLANG_WARN_CONSTANT_CONVERSION = YES;
				CLANG_WARN_DEPRECATED_OBJC_IMPLEMENTATIONS = YES;
				CLANG_WARN_DIRECT_OBJC_ISA_USAGE = YES_ERROR;
				CLANG_WARN_DOCUMENTATION_COMMENTS = YES;
				CLANG_WARN_EMPTY_BODY = YES;
				CLANG_WARN_ENUM_CONVERSION = YES;
				CLANG_WARN_INFINITE_RECURSION = YES;
				CLANG_WARN_INT_CONVERSION = YES;
				CLANG_WARN_NON_LITERAL_NULL_CONVERSION = YES;
				CLANG_WARN_OBJC_IMPLICIT_RETAIN_SELF = YES;
				CLANG_WARN_OBJC_LITERAL_CONVERSION = YES;
				CLANG_WARN_OBJC_ROOT_CLASS = YES_ERROR;
				CLANG_WARN_QUOTED_INCLUDE_IN_FRAMEWORK_HEADER = YES;
				CLANG_WARN_RANGE_LOOP_ANALYSIS = YES;
				CLANG_WARN_STRICT_PROTOTYPES = YES;
				CLANG_WARN_SUSPICIOUS_MOVE = YES;
				CLANG_WARN_UNGUARDED_AVAILABILITY = YES_AGGRESSIVE;
				CLANG_WARN_UNREACHABLE_CODE = YES;
				CLANG_WARN__DUPLICATE_METHOD_MATCH = YES;
				COPY_PHASE_STRIP = NO;
				DEBUG_INFORMATION_FORMAT = dwarf;
				ENABLE_STRICT_OBJC_MSGSEND = YES;
				ENABLE_TESTABILITY = YES;
				GCC_C_LANGUAGE_STANDARD = gnu11;
				GCC_DYNAMIC_NO_PIC = NO;
				GCC_NO_COMMON_BLOCKS = YES;
				GCC_OPTIMIZATION_LEVEL = 0;
				GCC_PREPROCESSOR_DEFINITIONS = (
					"DEBUG=1",
					"$(inherited)",
				);
				GCC_WARN_64_TO_32_BIT_CONVERSION = YES;
				GCC_WARN_ABOUT_RETURN_TYPE = YES_ERROR;
				GCC_WARN_UNDECLARED_SELECTOR = YES;
				GCC_WARN_UNINITIALIZED_AUTOS = YES_AGGRESSIVE;
				GCC_WARN_UNUSED_FUNCTION = YES;
				GCC_WARN_UNUSED_VARIABLE = YES;
				IPHONEOS_DEPLOYMENT_TARGET = 15.5;
				MTL_ENABLE_DEBUG_INFO = INCLUDE_SOURCE;
				MTL_FAST_MATH = YES;
				ONLY_ACTIVE_ARCH = YES;
				SDKROOT = iphoneos;
				SWIFT_ACTIVE_COMPILATION_CONDITIONS = DEBUG;
				SWIFT_OPTIMIZATION_LEVEL = "-Onone";
			};
			name = Debug;
		};
		21143B91289B36B600AC25E9 /* Release */ = {
			isa = XCBuildConfiguration;
			buildSettings = {
				ALWAYS_SEARCH_USER_PATHS = NO;
				CLANG_ANALYZER_NONNULL = YES;
				CLANG_ANALYZER_NUMBER_OBJECT_CONVERSION = YES_AGGRESSIVE;
				CLANG_CXX_LANGUAGE_STANDARD = "gnu++17";
				CLANG_ENABLE_MODULES = YES;
				CLANG_ENABLE_OBJC_ARC = YES;
				CLANG_ENABLE_OBJC_WEAK = YES;
				CLANG_WARN_BLOCK_CAPTURE_AUTORELEASING = YES;
				CLANG_WARN_BOOL_CONVERSION = YES;
				CLANG_WARN_COMMA = YES;
				CLANG_WARN_CONSTANT_CONVERSION = YES;
				CLANG_WARN_DEPRECATED_OBJC_IMPLEMENTATIONS = YES;
				CLANG_WARN_DIRECT_OBJC_ISA_USAGE = YES_ERROR;
				CLANG_WARN_DOCUMENTATION_COMMENTS = YES;
				CLANG_WARN_EMPTY_BODY = YES;
				CLANG_WARN_ENUM_CONVERSION = YES;
				CLANG_WARN_INFINITE_RECURSION = YES;
				CLANG_WARN_INT_CONVERSION = YES;
				CLANG_WARN_NON_LITERAL_NULL_CONVERSION = YES;
				CLANG_WARN_OBJC_IMPLICIT_RETAIN_SELF = YES;
				CLANG_WARN_OBJC_LITERAL_CONVERSION = YES;
				CLANG_WARN_OBJC_ROOT_CLASS = YES_ERROR;
				CLANG_WARN_QUOTED_INCLUDE_IN_FRAMEWORK_HEADER = YES;
				CLANG_WARN_RANGE_LOOP_ANALYSIS = YES;
				CLANG_WARN_STRICT_PROTOTYPES = YES;
				CLANG_WARN_SUSPICIOUS_MOVE = YES;
				CLANG_WARN_UNGUARDED_AVAILABILITY = YES_AGGRESSIVE;
				CLANG_WARN_UNREACHABLE_CODE = YES;
				CLANG_WARN__DUPLICATE_METHOD_MATCH = YES;
				COPY_PHASE_STRIP = NO;
				DEBUG_INFORMATION_FORMAT = "dwarf-with-dsym";
				ENABLE_NS_ASSERTIONS = NO;
				ENABLE_STRICT_OBJC_MSGSEND = YES;
				GCC_C_LANGUAGE_STANDARD = gnu11;
				GCC_NO_COMMON_BLOCKS = YES;
				GCC_WARN_64_TO_32_BIT_CONVERSION = YES;
				GCC_WARN_ABOUT_RETURN_TYPE = YES_ERROR;
				GCC_WARN_UNDECLARED_SELECTOR = YES;
				GCC_WARN_UNINITIALIZED_AUTOS = YES_AGGRESSIVE;
				GCC_WARN_UNUSED_FUNCTION = YES;
				GCC_WARN_UNUSED_VARIABLE = YES;
				IPHONEOS_DEPLOYMENT_TARGET = 15.5;
				MTL_ENABLE_DEBUG_INFO = NO;
				MTL_FAST_MATH = YES;
				SDKROOT = iphoneos;
				SWIFT_COMPILATION_MODE = wholemodule;
				SWIFT_OPTIMIZATION_LEVEL = "-O";
				VALIDATE_PRODUCT = YES;
			};
			name = Release;
		};
		21143B93289B36B600AC25E9 /* Debug */ = {
			isa = XCBuildConfiguration;
			buildSettings = {
				ASSETCATALOG_COMPILER_APPICON_NAME = AppIcon;
				ASSETCATALOG_COMPILER_GLOBAL_ACCENT_COLOR_NAME = AccentColor;
				CODE_SIGN_STYLE = Automatic;
				CURRENT_PROJECT_VERSION = 1;
				GENERATE_INFOPLIST_FILE = YES;
				INFOPLIST_FILE = Slider_part/Info.plist;
				INFOPLIST_KEY_UIApplicationSupportsIndirectInputEvents = YES;
				INFOPLIST_KEY_UILaunchStoryboardName = LaunchScreen;
				INFOPLIST_KEY_UIMainStoryboardFile = Main;
				INFOPLIST_KEY_UISupportedInterfaceOrientations_iPad = "UIInterfaceOrientationPortrait UIInterfaceOrientationPortraitUpsideDown UIInterfaceOrientationLandscapeLeft UIInterfaceOrientationLandscapeRight";
				INFOPLIST_KEY_UISupportedInterfaceOrientations_iPhone = "UIInterfaceOrientationPortrait UIInterfaceOrientationLandscapeLeft UIInterfaceOrientationLandscapeRight";
				LD_RUNPATH_SEARCH_PATHS = (
					"$(inherited)",
					"@executable_path/Frameworks",
				);
				MARKETING_VERSION = 1.0;
				PRODUCT_BUNDLE_IDENTIFIER = "com.murad.www.Slider-part";
				PRODUCT_NAME = "$(TARGET_NAME)";
				SWIFT_EMIT_LOC_STRINGS = YES;
				SWIFT_VERSION = 5.0;
				TARGETED_DEVICE_FAMILY = "1,2";
			};
			name = Debug;
		};
		21143B94289B36B600AC25E9 /* Release */ = {
			isa = XCBuildConfiguration;
			buildSettings = {
				ASSETCATALOG_COMPILER_APPICON_NAME = AppIcon;
				ASSETCATALOG_COMPILER_GLOBAL_ACCENT_COLOR_NAME = AccentColor;
				CODE_SIGN_STYLE = Automatic;
				CURRENT_PROJECT_VERSION = 1;
				GENERATE_INFOPLIST_FILE = YES;
				INFOPLIST_FILE = Slider_part/Info.plist;
				INFOPLIST_KEY_UIApplicationSupportsIndirectInputEvents = YES;
				INFOPLIST_KEY_UILaunchStoryboardName = LaunchScreen;
				INFOPLIST_KEY_UIMainStoryboardFile = Main;
				INFOPLIST_KEY_UISupportedInterfaceOrientations_iPad = "UIInterfaceOrientationPortrait UIInterfaceOrientationPortraitUpsideDown UIInterfaceOrientationLandscapeLeft UIInterfaceOrientationLandscapeRight";
				INFOPLIST_KEY_UISupportedInterfaceOrientations_iPhone = "UIInterfaceOrientationPortrait UIInterfaceOrientationLandscapeLeft UIInterfaceOrientationLandscapeRight";
				LD_RUNPATH_SEARCH_PATHS = (
					"$(inherited)",
					"@executable_path/Frameworks",
				);
				MARKETING_VERSION = 1.0;
				PRODUCT_BUNDLE_IDENTIFIER = "com.murad.www.Slider-part";
				PRODUCT_NAME = "$(TARGET_NAME)";
				SWIFT_EMIT_LOC_STRINGS = YES;
				SWIFT_VERSION = 5.0;
				TARGETED_DEVICE_FAMILY = "1,2";
			};
			name = Release;
		};
		21143B96289B36B600AC25E9 /* Debug */ = {
			isa = XCBuildConfiguration;
			buildSettings = {
				ALWAYS_EMBED_SWIFT_STANDARD_LIBRARIES = YES;
				BUNDLE_LOADER = "$(TEST_HOST)";
				CODE_SIGN_STYLE = Automatic;
				CURRENT_PROJECT_VERSION = 1;
				GENERATE_INFOPLIST_FILE = YES;
				IPHONEOS_DEPLOYMENT_TARGET = 15.5;
				MARKETING_VERSION = 1.0;
				PRODUCT_BUNDLE_IDENTIFIER = "com.murad.www.Slider-partTests";
				PRODUCT_NAME = "$(TARGET_NAME)";
				SWIFT_EMIT_LOC_STRINGS = NO;
				SWIFT_VERSION = 5.0;
				TARGETED_DEVICE_FAMILY = "1,2";
				TEST_HOST = "$(BUILT_PRODUCTS_DIR)/Slider_part.app/Slider_part";
			};
			name = Debug;
		};
		21143B97289B36B600AC25E9 /* Release */ = {
			isa = XCBuildConfiguration;
			buildSettings = {
				ALWAYS_EMBED_SWIFT_STANDARD_LIBRARIES = YES;
				BUNDLE_LOADER = "$(TEST_HOST)";
				CODE_SIGN_STYLE = Automatic;
				CURRENT_PROJECT_VERSION = 1;
				GENERATE_INFOPLIST_FILE = YES;
				IPHONEOS_DEPLOYMENT_TARGET = 15.5;
				MARKETING_VERSION = 1.0;
				PRODUCT_BUNDLE_IDENTIFIER = "com.murad.www.Slider-partTests";
				PRODUCT_NAME = "$(TARGET_NAME)";
				SWIFT_EMIT_LOC_STRINGS = NO;
				SWIFT_VERSION = 5.0;
				TARGETED_DEVICE_FAMILY = "1,2";
				TEST_HOST = "$(BUILT_PRODUCTS_DIR)/Slider_part.app/Slider_part";
			};
			name = Release;
		};
		21143B99289B36B600AC25E9 /* Debug */ = {
			isa = XCBuildConfiguration;
			buildSettings = {
				ALWAYS_EMBED_SWIFT_STANDARD_LIBRARIES = YES;
				CODE_SIGN_STYLE = Automatic;
				CURRENT_PROJECT_VERSION = 1;
				GENERATE_INFOPLIST_FILE = YES;
				MARKETING_VERSION = 1.0;
				PRODUCT_BUNDLE_IDENTIFIER = "com.murad.www.Slider-partUITests";
				PRODUCT_NAME = "$(TARGET_NAME)";
				SWIFT_EMIT_LOC_STRINGS = NO;
				SWIFT_VERSION = 5.0;
				TARGETED_DEVICE_FAMILY = "1,2";
				TEST_TARGET_NAME = Slider_part;
			};
			name = Debug;
		};
		21143B9A289B36B600AC25E9 /* Release */ = {
			isa = XCBuildConfiguration;
			buildSettings = {
				ALWAYS_EMBED_SWIFT_STANDARD_LIBRARIES = YES;
				CODE_SIGN_STYLE = Automatic;
				CURRENT_PROJECT_VERSION = 1;
				GENERATE_INFOPLIST_FILE = YES;
				MARKETING_VERSION = 1.0;
				PRODUCT_BUNDLE_IDENTIFIER = "com.murad.www.Slider-partUITests";
				PRODUCT_NAME = "$(TARGET_NAME)";
				SWIFT_EMIT_LOC_STRINGS = NO;
				SWIFT_VERSION = 5.0;
				TARGETED_DEVICE_FAMILY = "1,2";
				TEST_TARGET_NAME = Slider_part;
			};
			name = Release;
		};
/* End XCBuildConfiguration section */

/* Begin XCConfigurationList section */
		21143B63289B36B300AC25E9 /* Build configuration list for PBXProject "Slider_part" */ = {
			isa = XCConfigurationList;
			buildConfigurations = (
				21143B90289B36B600AC25E9 /* Debug */,
				21143B91289B36B600AC25E9 /* Release */,
			);
			defaultConfigurationIsVisible = 0;
			defaultConfigurationName = Release;
		};
		21143B92289B36B600AC25E9 /* Build configuration list for PBXNativeTarget "Slider_part" */ = {
			isa = XCConfigurationList;
			buildConfigurations = (
				21143B93289B36B600AC25E9 /* Debug */,
				21143B94289B36B600AC25E9 /* Release */,
			);
			defaultConfigurationIsVisible = 0;
			defaultConfigurationName = Release;
		};
		21143B95289B36B600AC25E9 /* Build configuration list for PBXNativeTarget "Slider_partTests" */ = {
			isa = XCConfigurationList;
			buildConfigurations = (
				21143B96289B36B600AC25E9 /* Debug */,
				21143B97289B36B600AC25E9 /* Release */,
			);
			defaultConfigurationIsVisible = 0;
			defaultConfigurationName = Release;
		};
		21143B98289B36B600AC25E9 /* Build configuration list for PBXNativeTarget "Slider_partUITests" */ = {
			isa = XCConfigurationList;
			buildConfigurations = (
				21143B99289B36B600AC25E9 /* Debug */,
				21143B9A289B36B600AC25E9 /* Release */,
			);
			defaultConfigurationIsVisible = 0;
			defaultConfigurationName = Release;
		};
/* End XCConfigurationList section */
	};
	rootObject = 21143B60289B36B300AC25E9 /* Project object */;
}
