// !$*UTF8*$!
{
	archiveVersion = 1;
	classes = {
	};
	objectVersion = 55;
	objects = {

/* Begin PBXBuildFile section */
		21BD1A15289C9F5500AD2E22 /* AppDelegate.swift in Sources */ = {isa = PBXBuildFile; fileRef = 21BD1A14289C9F5500AD2E22 /* AppDelegate.swift */; };
		21BD1A17289C9F5500AD2E22 /* SceneDelegate.swift in Sources */ = {isa = PBXBuildFile; fileRef = 21BD1A16289C9F5500AD2E22 /* SceneDelegate.swift */; };
		21BD1A19289C9F5500AD2E22 /* ViewController.swift in Sources */ = {isa = PBXBuildFile; fileRef = 21BD1A18289C9F5500AD2E22 /* ViewController.swift */; };
		21BD1A1C289C9F5500AD2E22 /* Main.storyboard in Resources */ = {isa = PBXBuildFile; fileRef = 21BD1A1A289C9F5500AD2E22 /* Main.storyboard */; };
		21BD1A1E289C9F5600AD2E22 /* Assets.xcassets in Resources */ = {isa = PBXBuildFile; fileRef = 21BD1A1D289C9F5600AD2E22 /* Assets.xcassets */; };
		21BD1A21289C9F5600AD2E22 /* LaunchScreen.storyboard in Resources */ = {isa = PBXBuildFile; fileRef = 21BD1A1F289C9F5600AD2E22 /* LaunchScreen.storyboard */; };
		21BD1A2C289C9F5700AD2E22 /* ViewcontrollerTests.swift in Sources */ = {isa = PBXBuildFile; fileRef = 21BD1A2B289C9F5700AD2E22 /* ViewcontrollerTests.swift */; };
		21BD1A36289C9F5700AD2E22 /* ViewcontrollerUITests.swift in Sources */ = {isa = PBXBuildFile; fileRef = 21BD1A35289C9F5700AD2E22 /* ViewcontrollerUITests.swift */; };
		21BD1A38289C9F5700AD2E22 /* ViewcontrollerUITestsLaunchTests.swift in Sources */ = {isa = PBXBuildFile; fileRef = 21BD1A37289C9F5700AD2E22 /* ViewcontrollerUITestsLaunchTests.swift */; };
/* End PBXBuildFile section */

/* Begin PBXContainerItemProxy section */
		21BD1A28289C9F5700AD2E22 /* PBXContainerItemProxy */ = {
			isa = PBXContainerItemProxy;
			containerPortal = 21BD1A09289C9F5500AD2E22 /* Project object */;
			proxyType = 1;
			remoteGlobalIDString = 21BD1A10289C9F5500AD2E22;
			remoteInfo = Viewcontroller;
		};
		21BD1A32289C9F5700AD2E22 /* PBXContainerItemProxy */ = {
			isa = PBXContainerItemProxy;
			containerPortal = 21BD1A09289C9F5500AD2E22 /* Project object */;
			proxyType = 1;
			remoteGlobalIDString = 21BD1A10289C9F5500AD2E22;
			remoteInfo = Viewcontroller;
		};
/* End PBXContainerItemProxy section */

/* Begin PBXFileReference section */
		21BD1A11289C9F5500AD2E22 /* Navigation Bar Use.app */ = {isa = PBXFileReference; explicitFileType = wrapper.application; includeInIndex = 0; path = "Navigation Bar Use.app"; sourceTree = BUILT_PRODUCTS_DIR; };
		21BD1A14289C9F5500AD2E22 /* AppDelegate.swift */ = {isa = PBXFileReference; lastKnownFileType = sourcecode.swift; path = AppDelegate.swift; sourceTree = "<group>"; };
		21BD1A16289C9F5500AD2E22 /* SceneDelegate.swift */ = {isa = PBXFileReference; lastKnownFileType = sourcecode.swift; path = SceneDelegate.swift; sourceTree = "<group>"; };
		21BD1A18289C9F5500AD2E22 /* ViewController.swift */ = {isa = PBXFileReference; lastKnownFileType = sourcecode.swift; path = ViewController.swift; sourceTree = "<group>"; };
		21BD1A1B289C9F5500AD2E22 /* Base */ = {isa = PBXFileReference; lastKnownFileType = file.storyboard; name = Base; path = Base.lproj/Main.storyboard; sourceTree = "<group>"; };
		21BD1A1D289C9F5600AD2E22 /* Assets.xcassets */ = {isa = PBXFileReference; lastKnownFileType = folder.assetcatalog; path = Assets.xcassets; sourceTree = "<group>"; };
		21BD1A20289C9F5600AD2E22 /* Base */ = {isa = PBXFileReference; lastKnownFileType = file.storyboard; name = Base; path = Base.lproj/LaunchScreen.storyboard; sourceTree = "<group>"; };
		21BD1A22289C9F5600AD2E22 /* Info.plist */ = {isa = PBXFileReference; lastKnownFileType = text.plist.xml; path = Info.plist; sourceTree = "<group>"; };
		21BD1A27289C9F5700AD2E22 /* Navigation Bar UseTests.xctest */ = {isa = PBXFileReference; explicitFileType = wrapper.cfbundle; includeInIndex = 0; path = "Navigation Bar UseTests.xctest"; sourceTree = BUILT_PRODUCTS_DIR; };
		21BD1A2B289C9F5700AD2E22 /* ViewcontrollerTests.swift */ = {isa = PBXFileReference; lastKnownFileType = sourcecode.swift; path = ViewcontrollerTests.swift; sourceTree = "<group>"; };
		21BD1A31289C9F5700AD2E22 /* Navigation Bar UseUITests.xctest */ = {isa = PBXFileReference; explicitFileType = wrapper.cfbundle; includeInIndex = 0; path = "Navigation Bar UseUITests.xctest"; sourceTree = BUILT_PRODUCTS_DIR; };
		21BD1A35289C9F5700AD2E22 /* ViewcontrollerUITests.swift */ = {isa = PBXFileReference; lastKnownFileType = sourcecode.swift; path = ViewcontrollerUITests.swift; sourceTree = "<group>"; };
		21BD1A37289C9F5700AD2E22 /* ViewcontrollerUITestsLaunchTests.swift */ = {isa = PBXFileReference; lastKnownFileType = sourcecode.swift; path = ViewcontrollerUITestsLaunchTests.swift; sourceTree = "<group>"; };
/* End PBXFileReference section */

/* Begin PBXFrameworksBuildPhase section */
		21BD1A0E289C9F5500AD2E22 /* Frameworks */ = {
			isa = PBXFrameworksBuildPhase;
			buildActionMask = 2147483647;
			files = (
			);
			runOnlyForDeploymentPostprocessing = 0;
		};
		21BD1A24289C9F5700AD2E22 /* Frameworks */ = {
			isa = PBXFrameworksBuildPhase;
			buildActionMask = 2147483647;
			files = (
			);
			runOnlyForDeploymentPostprocessing = 0;
		};
		21BD1A2E289C9F5700AD2E22 /* Frameworks */ = {
			isa = PBXFrameworksBuildPhase;
			buildActionMask = 2147483647;
			files = (
			);
			runOnlyForDeploymentPostprocessing = 0;
		};
/* End PBXFrameworksBuildPhase section */

/* Begin PBXGroup section */
		21BD1A08289C9F5500AD2E22 = {
			isa = PBXGroup;
			children = (
				21BD1A13289C9F5500AD2E22 /* Viewcontroller */,
				21BD1A2A289C9F5700AD2E22 /* ViewcontrollerTests */,
				21BD1A34289C9F5700AD2E22 /* ViewcontrollerUITests */,
				21BD1A12289C9F5500AD2E22 /* Products */,
			);
			sourceTree = "<group>";
		};
		21BD1A12289C9F5500AD2E22 /* Products */ = {
			isa = PBXGroup;
			children = (
				21BD1A11289C9F5500AD2E22 /* Navigation Bar Use.app */,
				21BD1A27289C9F5700AD2E22 /* Navigation Bar UseTests.xctest */,
				21BD1A31289C9F5700AD2E22 /* Navigation Bar UseUITests.xctest */,
			);
			name = Products;
			sourceTree = "<group>";
		};
		21BD1A13289C9F5500AD2E22 /* Viewcontroller */ = {
			isa = PBXGroup;
			children = (
				21BD1A14289C9F5500AD2E22 /* AppDelegate.swift */,
				21BD1A16289C9F5500AD2E22 /* SceneDelegate.swift */,
				21BD1A18289C9F5500AD2E22 /* ViewController.swift */,
				21BD1A1A289C9F5500AD2E22 /* Main.storyboard */,
				21BD1A1D289C9F5600AD2E22 /* Assets.xcassets */,
				21BD1A1F289C9F5600AD2E22 /* LaunchScreen.storyboard */,
				21BD1A22289C9F5600AD2E22 /* Info.plist */,
			);
			path = Viewcontroller;
			sourceTree = "<group>";
		};
		21BD1A2A289C9F5700AD2E22 /* ViewcontrollerTests */ = {
			isa = PBXGroup;
			children = (
				21BD1A2B289C9F5700AD2E22 /* ViewcontrollerTests.swift */,
			);
			path = ViewcontrollerTests;
			sourceTree = "<group>";
		};
		21BD1A34289C9F5700AD2E22 /* ViewcontrollerUITests */ = {
			isa = PBXGroup;
			children = (
				21BD1A35289C9F5700AD2E22 /* ViewcontrollerUITests.swift */,
				21BD1A37289C9F5700AD2E22 /* ViewcontrollerUITestsLaunchTests.swift */,
			);
			path = ViewcontrollerUITests;
			sourceTree = "<group>";
		};
/* End PBXGroup section */

/* Begin PBXNativeTarget section */
		21BD1A10289C9F5500AD2E22 /* Navigation Bar Use */ = {
			isa = PBXNativeTarget;
			buildConfigurationList = 21BD1A3B289C9F5700AD2E22 /* Build configuration list for PBXNativeTarget "Navigation Bar Use" */;
			buildPhases = (
				21BD1A0D289C9F5500AD2E22 /* Sources */,
				21BD1A0E289C9F5500AD2E22 /* Frameworks */,
				21BD1A0F289C9F5500AD2E22 /* Resources */,
			);
			buildRules = (
			);
			dependencies = (
			);
			name = "Navigation Bar Use";
			productName = Viewcontroller;
			productReference = 21BD1A11289C9F5500AD2E22 /* Navigation Bar Use.app */;
			productType = "com.apple.product-type.application";
		};
		21BD1A26289C9F5700AD2E22 /* Navigation Bar UseTests */ = {
			isa = PBXNativeTarget;
			buildConfigurationList = 21BD1A3E289C9F5700AD2E22 /* Build configuration list for PBXNativeTarget "Navigation Bar UseTests" */;
			buildPhases = (
				21BD1A23289C9F5700AD2E22 /* Sources */,
				21BD1A24289C9F5700AD2E22 /* Frameworks */,
				21BD1A25289C9F5700AD2E22 /* Resources */,
			);
			buildRules = (
			);
			dependencies = (
				21BD1A29289C9F5700AD2E22 /* PBXTargetDependency */,
			);
			name = "Navigation Bar UseTests";
			productName = ViewcontrollerTests;
			productReference = 21BD1A27289C9F5700AD2E22 /* Navigation Bar UseTests.xctest */;
			productType = "com.apple.product-type.bundle.unit-test";
		};
		21BD1A30289C9F5700AD2E22 /* Navigation Bar UseUITests */ = {
			isa = PBXNativeTarget;
			buildConfigurationList = 21BD1A41289C9F5700AD2E22 /* Build configuration list for PBXNativeTarget "Navigation Bar UseUITests" */;
			buildPhases = (
				21BD1A2D289C9F5700AD2E22 /* Sources */,
				21BD1A2E289C9F5700AD2E22 /* Frameworks */,
				21BD1A2F289C9F5700AD2E22 /* Resources */,
			);
			buildRules = (
			);
			dependencies = (
				21BD1A33289C9F5700AD2E22 /* PBXTargetDependency */,
			);
			name = "Navigation Bar UseUITests";
			productName = ViewcontrollerUITests;
			productReference = 21BD1A31289C9F5700AD2E22 /* Navigation Bar UseUITests.xctest */;
			productType = "com.apple.product-type.bundle.ui-testing";
		};
/* End PBXNativeTarget section */

/* Begin PBXProject section */
		21BD1A09289C9F5500AD2E22 /* Project object */ = {
			isa = PBXProject;
			attributes = {
				BuildIndependentTargetsInParallel = 1;
				LastSwiftUpdateCheck = 1340;
				LastUpgradeCheck = 1340;
				TargetAttributes = {
					21BD1A10289C9F5500AD2E22 = {
						CreatedOnToolsVersion = 13.4.1;
					};
					21BD1A26289C9F5700AD2E22 = {
						CreatedOnToolsVersion = 13.4.1;
						TestTargetID = 21BD1A10289C9F5500AD2E22;
					};
					21BD1A30289C9F5700AD2E22 = {
						CreatedOnToolsVersion = 13.4.1;
						TestTargetID = 21BD1A10289C9F5500AD2E22;
					};
				};
			};
			buildConfigurationList = 21BD1A0C289C9F5500AD2E22 /* Build configuration list for PBXProject "Navigation Bar Use" */;
			compatibilityVersion = "Xcode 13.0";
			developmentRegion = en;
			hasScannedForEncodings = 0;
			knownRegions = (
				en,
				Base,
			);
			mainGroup = 21BD1A08289C9F5500AD2E22;
			productRefGroup = 21BD1A12289C9F5500AD2E22 /* Products */;
			projectDirPath = "";
			projectRoot = "";
			targets = (
				21BD1A10289C9F5500AD2E22 /* Navigation Bar Use */,
				21BD1A26289C9F5700AD2E22 /* Navigation Bar UseTests */,
				21BD1A30289C9F5700AD2E22 /* Navigation Bar UseUITests */,
			);
		};
/* End PBXProject section */

/* Begin PBXResourcesBuildPhase section */
		21BD1A0F289C9F5500AD2E22 /* Resources */ = {
			isa = PBXResourcesBuildPhase;
			buildActionMask = 2147483647;
			files = (
				21BD1A21289C9F5600AD2E22 /* LaunchScreen.storyboard in Resources */,
				21BD1A1E289C9F5600AD2E22 /* Assets.xcassets in Resources */,
				21BD1A1C289C9F5500AD2E22 /* Main.storyboard in Resources */,
			);
			runOnlyForDeploymentPostprocessing = 0;
		};
		21BD1A25289C9F5700AD2E22 /* Resources */ = {
			isa = PBXResourcesBuildPhase;
			buildActionMask = 2147483647;
			files = (
			);
			runOnlyForDeploymentPostprocessing = 0;
		};
		21BD1A2F289C9F5700AD2E22 /* Resources */ = {
			isa = PBXResourcesBuildPhase;
			buildActionMask = 2147483647;
			files = (
			);
			runOnlyForDeploymentPostprocessing = 0;
		};
/* End PBXResourcesBuildPhase section */

/* Begin PBXSourcesBuildPhase section */
		21BD1A0D289C9F5500AD2E22 /* Sources */ = {
			isa = PBXSourcesBuildPhase;
			buildActionMask = 2147483647;
			files = (
				21BD1A19289C9F5500AD2E22 /* ViewController.swift in Sources */,
				21BD1A15289C9F5500AD2E22 /* AppDelegate.swift in Sources */,
				21BD1A17289C9F5500AD2E22 /* SceneDelegate.swift in Sources */,
			);
			runOnlyForDeploymentPostprocessing = 0;
		};
		21BD1A23289C9F5700AD2E22 /* Sources */ = {
			isa = PBXSourcesBuildPhase;
			buildActionMask = 2147483647;
			files = (
				21BD1A2C289C9F5700AD2E22 /* ViewcontrollerTests.swift in Sources */,
			);
			runOnlyForDeploymentPostprocessing = 0;
		};
		21BD1A2D289C9F5700AD2E22 /* Sources */ = {
			isa = PBXSourcesBuildPhase;
			buildActionMask = 2147483647;
			files = (
				21BD1A36289C9F5700AD2E22 /* ViewcontrollerUITests.swift in Sources */,
				21BD1A38289C9F5700AD2E22 /* ViewcontrollerUITestsLaunchTests.swift in Sources */,
			);
			runOnlyForDeploymentPostprocessing = 0;
		};
/* End PBXSourcesBuildPhase section */

/* Begin PBXTargetDependency section */
		21BD1A29289C9F5700AD2E22 /* PBXTargetDependency */ = {
			isa = PBXTargetDependency;
			target = 21BD1A10289C9F5500AD2E22 /* Navigation Bar Use */;
			targetProxy = 21BD1A28289C9F5700AD2E22 /* PBXContainerItemProxy */;
		};
		21BD1A33289C9F5700AD2E22 /* PBXTargetDependency */ = {
			isa = PBXTargetDependency;
			target = 21BD1A10289C9F5500AD2E22 /* Navigation Bar Use */;
			targetProxy = 21BD1A32289C9F5700AD2E22 /* PBXContainerItemProxy */;
		};
/* End PBXTargetDependency section */

/* Begin PBXVariantGroup section */
		21BD1A1A289C9F5500AD2E22 /* Main.storyboard */ = {
			isa = PBXVariantGroup;
			children = (
				21BD1A1B289C9F5500AD2E22 /* Base */,
			);
			name = Main.storyboard;
			sourceTree = "<group>";
		};
		21BD1A1F289C9F5600AD2E22 /* LaunchScreen.storyboard */ = {
			isa = PBXVariantGroup;
			children = (
				21BD1A20289C9F5600AD2E22 /* Base */,
			);
			name = LaunchScreen.storyboard;
			sourceTree = "<group>";
		};
/* End PBXVariantGroup section */

/* Begin XCBuildConfiguration section */
		21BD1A39289C9F5700AD2E22 /* Debug */ = {
			isa = XCBuildConfiguration;
			buildSettings = {
				ALWAYS_SEARCH_USER_PATHS = NO;
				CLANG_ANALYZER_NONNULL = YES;
				CLANG_ANALYZER_NUMBER_OBJECT_CONVERSION = YES_AGGRESSIVE;
				CLANG_CXX_LANGUAGE_STANDARD = "gnu++17";
				CLANG_ENABLE_MODULES = YES;
				CLANG_ENABLE_OBJC_ARC = YES;
				CLANG_ENABLE_OBJC_WEAK = YES;
				CLANG_WARN_BLOCK_CAPTURE_AUTORELEASING = YES;
				CLANG_WARN_BOOL_CONVERSION = YES;
				CLANG_WARN_COMMA = YES;
				CLANG_WARN_CONSTANT_CONVERSION = YES;
				CLANG_WARN_DEPRECATED_OBJC_IMPLEMENTATIONS = YES;
				CLANG_WARN_DIRECT_OBJC_ISA_USAGE = YES_ERROR;
				CLANG_WARN_DOCUMENTATION_COMMENTS = YES;
				CLANG_WARN_EMPTY_BODY = YES;
				CLANG_WARN_ENUM_CONVERSION = YES;
				CLANG_WARN_INFINITE_RECURSION = YES;
				CLANG_WARN_INT_CONVERSION = YES;
				CLANG_WARN_NON_LITERAL_NULL_CONVERSION = YES;
				CLANG_WARN_OBJC_IMPLICIT_RETAIN_SELF = YES;
				CLANG_WARN_OBJC_LITERAL_CONVERSION = YES;
				CLANG_WARN_OBJC_ROOT_CLASS = YES_ERROR;
				CLANG_WARN_QUOTED_INCLUDE_IN_FRAMEWORK_HEADER = YES;
				CLANG_WARN_RANGE_LOOP_ANALYSIS = YES;
				CLANG_WARN_STRICT_PROTOTYPES = YES;
				CLANG_WARN_SUSPICIOUS_MOVE = YES;
				CLANG_WARN_UNGUARDED_AVAILABILITY = YES_AGGRESSIVE;
				CLANG_WARN_UNREACHABLE_CODE = YES;
				CLANG_WARN__DUPLICATE_METHOD_MATCH = YES;
				COPY_PHASE_STRIP = NO;
				DEBUG_INFORMATION_FORMAT = dwarf;
				ENABLE_STRICT_OBJC_MSGSEND = YES;
				ENABLE_TESTABILITY = YES;
				GCC_C_LANGUAGE_STANDARD = gnu11;
				GCC_DYNAMIC_NO_PIC = NO;
				GCC_NO_COMMON_BLOCKS = YES;
				GCC_OPTIMIZATION_LEVEL = 0;
				GCC_PREPROCESSOR_DEFINITIONS = (
					"DEBUG=1",
					"$(inherited)",
				);
				GCC_WARN_64_TO_32_BIT_CONVERSION = YES;
				GCC_WARN_ABOUT_RETURN_TYPE = YES_ERROR;
				GCC_WARN_UNDECLARED_SELECTOR = YES;
				GCC_WARN_UNINITIALIZED_AUTOS = YES_AGGRESSIVE;
				GCC_WARN_UNUSED_FUNCTION = YES;
				GCC_WARN_UNUSED_VARIABLE = YES;
				IPHONEOS_DEPLOYMENT_TARGET = 15.5;
				MTL_ENABLE_DEBUG_INFO = INCLUDE_SOURCE;
				MTL_FAST_MATH = YES;
				ONLY_ACTIVE_ARCH = YES;
				SDKROOT = iphoneos;
				SWIFT_ACTIVE_COMPILATION_CONDITIONS = DEBUG;
				SWIFT_OPTIMIZATION_LEVEL = "-Onone";
			};
			name = Debug;
		};
		21BD1A3A289C9F5700AD2E22 /* Release */ = {
			isa = XCBuildConfiguration;
			buildSettings = {
				ALWAYS_SEARCH_USER_PATHS = NO;
				CLANG_ANALYZER_NONNULL = YES;
				CLANG_ANALYZER_NUMBER_OBJECT_CONVERSION = YES_AGGRESSIVE;
				CLANG_CXX_LANGUAGE_STANDARD = "gnu++17";
				CLANG_ENABLE_MODULES = YES;
				CLANG_ENABLE_OBJC_ARC = YES;
				CLANG_ENABLE_OBJC_WEAK = YES;
				CLANG_WARN_BLOCK_CAPTURE_AUTORELEASING = YES;
				CLANG_WARN_BOOL_CONVERSION = YES;
				CLANG_WARN_COMMA = YES;
				CLANG_WARN_CONSTANT_CONVERSION = YES;
				CLANG_WARN_DEPRECATED_OBJC_IMPLEMENTATIONS = YES;
				CLANG_WARN_DIRECT_OBJC_ISA_USAGE = YES_ERROR;
				CLANG_WARN_DOCUMENTATION_COMMENTS = YES;
				CLANG_WARN_EMPTY_BODY = YES;
				CLANG_WARN_ENUM_CONVERSION = YES;
				CLANG_WARN_INFINITE_RECURSION = YES;
				CLANG_WARN_INT_CONVERSION = YES;
				CLANG_WARN_NON_LITERAL_NULL_CONVERSION = YES;
				CLANG_WARN_OBJC_IMPLICIT_RETAIN_SELF = YES;
				CLANG_WARN_OBJC_LITERAL_CONVERSION = YES;
				CLANG_WARN_OBJC_ROOT_CLASS = YES_ERROR;
				CLANG_WARN_QUOTED_INCLUDE_IN_FRAMEWORK_HEADER = YES;
				CLANG_WARN_RANGE_LOOP_ANALYSIS = YES;
				CLANG_WARN_STRICT_PROTOTYPES = YES;
				CLANG_WARN_SUSPICIOUS_MOVE = YES;
				CLANG_WARN_UNGUARDED_AVAILABILITY = YES_AGGRESSIVE;
				CLANG_WARN_UNREACHABLE_CODE = YES;
				CLANG_WARN__DUPLICATE_METHOD_MATCH = YES;
				COPY_PHASE_STRIP = NO;
				DEBUG_INFORMATION_FORMAT = "dwarf-with-dsym";
				ENABLE_NS_ASSERTIONS = NO;
				ENABLE_STRICT_OBJC_MSGSEND = YES;
				GCC_C_LANGUAGE_STANDARD = gnu11;
				GCC_NO_COMMON_BLOCKS = YES;
				GCC_WARN_64_TO_32_BIT_CONVERSION = YES;
				GCC_WARN_ABOUT_RETURN_TYPE = YES_ERROR;
				GCC_WARN_UNDECLARED_SELECTOR = YES;
				GCC_WARN_UNINITIALIZED_AUTOS = YES_AGGRESSIVE;
				GCC_WARN_UNUSED_FUNCTION = YES;
				GCC_WARN_UNUSED_VARIABLE = YES;
				IPHONEOS_DEPLOYMENT_TARGET = 15.5;
				MTL_ENABLE_DEBUG_INFO = NO;
				MTL_FAST_MATH = YES;
				SDKROOT = iphoneos;
				SWIFT_COMPILATION_MODE = wholemodule;
				SWIFT_OPTIMIZATION_LEVEL = "-O";
				VALIDATE_PRODUCT = YES;
			};
			name = Release;
		};
		21BD1A3C289C9F5700AD2E22 /* Debug */ = {
			isa = XCBuildConfiguration;
			buildSettings = {
				ASSETCATALOG_COMPILER_APPICON_NAME = AppIcon;
				ASSETCATALOG_COMPILER_GLOBAL_ACCENT_COLOR_NAME = AccentColor;
				CODE_SIGN_STYLE = Automatic;
				CURRENT_PROJECT_VERSION = 1;
				GENERATE_INFOPLIST_FILE = YES;
				INFOPLIST_FILE = Viewcontroller/Info.plist;
				INFOPLIST_KEY_UIApplicationSupportsIndirectInputEvents = YES;
				INFOPLIST_KEY_UILaunchStoryboardName = LaunchScreen;
				INFOPLIST_KEY_UIMainStoryboardFile = Main;
				INFOPLIST_KEY_UISupportedInterfaceOrientations_iPad = "UIInterfaceOrientationPortrait UIInterfaceOrientationPortraitUpsideDown UIInterfaceOrientationLandscapeLeft UIInterfaceOrientationLandscapeRight";
				INFOPLIST_KEY_UISupportedInterfaceOrientations_iPhone = "UIInterfaceOrientationPortrait UIInterfaceOrientationLandscapeLeft UIInterfaceOrientationLandscapeRight";
				LD_RUNPATH_SEARCH_PATHS = (
					"$(inherited)",
					"@executable_path/Frameworks",
				);
				MARKETING_VERSION = 1.0;
				PRODUCT_BUNDLE_IDENTIFIER = com.murad.www.Viewcontroller;
				PRODUCT_NAME = "$(TARGET_NAME)";
				SWIFT_EMIT_LOC_STRINGS = YES;
				SWIFT_VERSION = 5.0;
				TARGETED_DEVICE_FAMILY = "1,2";
			};
			name = Debug;
		};
		21BD1A3D289C9F5700AD2E22 /* Release */ = {
			isa = XCBuildConfiguration;
			buildSettings = {
				ASSETCATALOG_COMPILER_APPICON_NAME = AppIcon;
				ASSETCATALOG_COMPILER_GLOBAL_ACCENT_COLOR_NAME = AccentColor;
				CODE_SIGN_STYLE = Automatic;
				CURRENT_PROJECT_VERSION = 1;
				GENERATE_INFOPLIST_FILE = YES;
				INFOPLIST_FILE = Viewcontroller/Info.plist;
				INFOPLIST_KEY_UIApplicationSupportsIndirectInputEvents = YES;
				INFOPLIST_KEY_UILaunchStoryboardName = LaunchScreen;
				INFOPLIST_KEY_UIMainStoryboardFile = Main;
				INFOPLIST_KEY_UISupportedInterfaceOrientations_iPad = "UIInterfaceOrientationPortrait UIInterfaceOrientationPortraitUpsideDown UIInterfaceOrientationLandscapeLeft UIInterfaceOrientationLandscapeRight";
				INFOPLIST_KEY_UISupportedInterfaceOrientations_iPhone = "UIInterfaceOrientationPortrait UIInterfaceOrientationLandscapeLeft UIInterfaceOrientationLandscapeRight";
				LD_RUNPATH_SEARCH_PATHS = (
					"$(inherited)",
					"@executable_path/Frameworks",
				);
				MARKETING_VERSION = 1.0;
				PRODUCT_BUNDLE_IDENTIFIER = com.murad.www.Viewcontroller;
				PRODUCT_NAME = "$(TARGET_NAME)";
				SWIFT_EMIT_LOC_STRINGS = YES;
				SWIFT_VERSION = 5.0;
				TARGETED_DEVICE_FAMILY = "1,2";
			};
			name = Release;
		};
		21BD1A3F289C9F5700AD2E22 /* Debug */ = {
			isa = XCBuildConfiguration;
			buildSettings = {
				ALWAYS_EMBED_SWIFT_STANDARD_LIBRARIES = YES;
				BUNDLE_LOADER = "$(TEST_HOST)";
				CODE_SIGN_STYLE = Automatic;
				CURRENT_PROJECT_VERSION = 1;
				GENERATE_INFOPLIST_FILE = YES;
				IPHONEOS_DEPLOYMENT_TARGET = 15.5;
				MARKETING_VERSION = 1.0;
				PRODUCT_BUNDLE_IDENTIFIER = com.murad.www.ViewcontrollerTests;
				PRODUCT_NAME = "$(TARGET_NAME)";
				SWIFT_EMIT_LOC_STRINGS = NO;
				SWIFT_VERSION = 5.0;
				TARGETED_DEVICE_FAMILY = "1,2";
				TEST_HOST = "$(BUILT_PRODUCTS_DIR)/Navigation Bar Use.app/Navigation Bar Use";
			};
			name = Debug;
		};
		21BD1A40289C9F5700AD2E22 /* Release */ = {
			isa = XCBuildConfiguration;
			buildSettings = {
				ALWAYS_EMBED_SWIFT_STANDARD_LIBRARIES = YES;
				BUNDLE_LOADER = "$(TEST_HOST)";
				CODE_SIGN_STYLE = Automatic;
				CURRENT_PROJECT_VERSION = 1;
				GENERATE_INFOPLIST_FILE = YES;
				IPHONEOS_DEPLOYMENT_TARGET = 15.5;
				MARKETING_VERSION = 1.0;
				PRODUCT_BUNDLE_IDENTIFIER = com.murad.www.ViewcontrollerTests;
				PRODUCT_NAME = "$(TARGET_NAME)";
				SWIFT_EMIT_LOC_STRINGS = NO;
				SWIFT_VERSION = 5.0;
				TARGETED_DEVICE_FAMILY = "1,2";
				TEST_HOST = "$(BUILT_PRODUCTS_DIR)/Navigation Bar Use.app/Navigation Bar Use";
			};
			name = Release;
		};
		21BD1A42289C9F5700AD2E22 /* Debug */ = {
			isa = XCBuildConfiguration;
			buildSettings = {
				ALWAYS_EMBED_SWIFT_STANDARD_LIBRARIES = YES;
				CODE_SIGN_STYLE = Automatic;
				CURRENT_PROJECT_VERSION = 1;
				GENERATE_INFOPLIST_FILE = YES;
				MARKETING_VERSION = 1.0;
				PRODUCT_BUNDLE_IDENTIFIER = com.murad.www.ViewcontrollerUITests;
				PRODUCT_NAME = "$(TARGET_NAME)";
				SWIFT_EMIT_LOC_STRINGS = NO;
				SWIFT_VERSION = 5.0;
				TARGETED_DEVICE_FAMILY = "1,2";
				TEST_TARGET_NAME = Viewcontroller;
			};
			name = Debug;
		};
		21BD1A43289C9F5700AD2E22 /* Release */ = {
			isa = XCBuildConfiguration;
			buildSettings = {
				ALWAYS_EMBED_SWIFT_STANDARD_LIBRARIES = YES;
				CODE_SIGN_STYLE = Automatic;
				CURRENT_PROJECT_VERSION = 1;
				GENERATE_INFOPLIST_FILE = YES;
				MARKETING_VERSION = 1.0;
				PRODUCT_BUNDLE_IDENTIFIER = com.murad.www.ViewcontrollerUITests;
				PRODUCT_NAME = "$(TARGET_NAME)";
				SWIFT_EMIT_LOC_STRINGS = NO;
				SWIFT_VERSION = 5.0;
				TARGETED_DEVICE_FAMILY = "1,2";
				TEST_TARGET_NAME = Viewcontroller;
			};
			name = Release;
		};
/* End XCBuildConfiguration section */

/* Begin XCConfigurationList section */
		21BD1A0C289C9F5500AD2E22 /* Build configuration list for PBXProject "Navigation Bar Use" */ = {
			isa = XCConfigurationList;
			buildConfigurations = (
				21BD1A39289C9F5700AD2E22 /* Debug */,
				21BD1A3A289C9F5700AD2E22 /* Release */,
			);
			defaultConfigurationIsVisible = 0;
			defaultConfigurationName = Release;
		};
		21BD1A3B289C9F5700AD2E22 /* Build configuration list for PBXNativeTarget "Navigation Bar Use" */ = {
			isa = XCConfigurationList;
			buildConfigurations = (
				21BD1A3C289C9F5700AD2E22 /* Debug */,
				21BD1A3D289C9F5700AD2E22 /* Release */,
			);
			defaultConfigurationIsVisible = 0;
			defaultConfigurationName = Release;
		};
		21BD1A3E289C9F5700AD2E22 /* Build configuration list for PBXNativeTarget "Navigation Bar UseTests" */ = {
			isa = XCConfigurationList;
			buildConfigurations = (
				21BD1A3F289C9F5700AD2E22 /* Debug */,
				21BD1A40289C9F5700AD2E22 /* Release */,
			);
			defaultConfigurationIsVisible = 0;
			defaultConfigurationName = Release;
		};
		21BD1A41289C9F5700AD2E22 /* Build configuration list for PBXNativeTarget "Navigation Bar UseUITests" */ = {
			isa = XCConfigurationList;
			buildConfigurations = (
				21BD1A42289C9F5700AD2E22 /* Debug */,
				21BD1A43289C9F5700AD2E22 /* Release */,
			);
			defaultConfigurationIsVisible = 0;
			defaultConfigurationName = Release;
		};
/* End XCConfigurationList section */
	};
	rootObject = 21BD1A09289C9F5500AD2E22 /* Project object */;
}
