// !$*UTF8*$!
{
	archiveVersion = 1;
	classes = {
	};
	objectVersion = 55;
	objects = {

/* Begin PBXBuildFile section */
		21426F7C288B2471005C257F /* ViewController.swift in Sources */ = {isa = PBXBuildFile; fileRef = 21426F7B288B2471005C257F /* ViewController.swift */; };
		21426F7F288B2471005C257F /* Main.storyboard in Resources */ = {isa = PBXBuildFile; fileRef = 21426F7D288B2471005C257F /* Main.storyboard */; };
		21426F81288B2472005C257F /* Assets.xcassets in Resources */ = {isa = PBXBuildFile; fileRef = 21426F80288B2472005C257F /* Assets.xcassets */; };
		21426F84288B2472005C257F /* LaunchScreen.storyboard in Resources */ = {isa = PBXBuildFile; fileRef = 21426F82288B2472005C257F /* LaunchScreen.storyboard */; };
		21426F8F288B2472005C257F /* Quiz_AppTests.swift in Sources */ = {isa = PBXBuildFile; fileRef = 21426F8E288B2472005C257F /* Quiz_AppTests.swift */; };
		21426F99288B2472005C257F /* Quiz_AppUITests.swift in Sources */ = {isa = PBXBuildFile; fileRef = 21426F98288B2472005C257F /* Quiz_AppUITests.swift */; };
		21426F9B288B2472005C257F /* Quiz_AppUITestsLaunchTests.swift in Sources */ = {isa = PBXBuildFile; fileRef = 21426F9A288B2472005C257F /* Quiz_AppUITestsLaunchTests.swift */; };
		21426FAD288B25F2005C257F /* SceneDelegate.swift in Sources */ = {isa = PBXBuildFile; fileRef = 21426F79288B2471005C257F /* SceneDelegate.swift */; };
		21426FAE288B2608005C257F /* AppDelegate.swift in Sources */ = {isa = PBXBuildFile; fileRef = 21426F77288B2471005C257F /* AppDelegate.swift */; };
/* End PBXBuildFile section */

/* Begin PBXContainerItemProxy section */
		21426F8B288B2472005C257F /* PBXContainerItemProxy */ = {
			isa = PBXContainerItemProxy;
			containerPortal = 21426F6C288B2471005C257F /* Project object */;
			proxyType = 1;
			remoteGlobalIDString = 21426F73288B2471005C257F;
			remoteInfo = "Quiz App";
		};
		21426F95288B2472005C257F /* PBXContainerItemProxy */ = {
			isa = PBXContainerItemProxy;
			containerPortal = 21426F6C288B2471005C257F /* Project object */;
			proxyType = 1;
			remoteGlobalIDString = 21426F73288B2471005C257F;
			remoteInfo = "Quiz App";
		};
/* End PBXContainerItemProxy section */

/* Begin PBXFileReference section */
		21426F74288B2471005C257F /* Quiz App.app */ = {isa = PBXFileReference; explicitFileType = wrapper.application; includeInIndex = 0; path = "Quiz App.app"; sourceTree = BUILT_PRODUCTS_DIR; };
		21426F77288B2471005C257F /* AppDelegate.swift */ = {isa = PBXFileReference; lastKnownFileType = sourcecode.swift; path = AppDelegate.swift; sourceTree = "<group>"; };
		21426F79288B2471005C257F /* SceneDelegate.swift */ = {isa = PBXFileReference; lastKnownFileType = sourcecode.swift; path = SceneDelegate.swift; sourceTree = "<group>"; };
		21426F7B288B2471005C257F /* ViewController.swift */ = {isa = PBXFileReference; lastKnownFileType = sourcecode.swift; path = ViewController.swift; sourceTree = "<group>"; };
		21426F7E288B2471005C257F /* Base */ = {isa = PBXFileReference; lastKnownFileType = file.storyboard; name = Base; path = Base.lproj/Main.storyboard; sourceTree = "<group>"; };
		21426F80288B2472005C257F /* Assets.xcassets */ = {isa = PBXFileReference; lastKnownFileType = folder.assetcatalog; path = Assets.xcassets; sourceTree = "<group>"; };
		21426F83288B2472005C257F /* Base */ = {isa = PBXFileReference; lastKnownFileType = file.storyboard; name = Base; path = Base.lproj/LaunchScreen.storyboard; sourceTree = "<group>"; };
		21426F85288B2472005C257F /* Info.plist */ = {isa = PBXFileReference; lastKnownFileType = text.plist.xml; path = Info.plist; sourceTree = "<group>"; };
		21426F8A288B2472005C257F /* Quiz AppTests.xctest */ = {isa = PBXFileReference; explicitFileType = wrapper.cfbundle; includeInIndex = 0; path = "Quiz AppTests.xctest"; sourceTree = BUILT_PRODUCTS_DIR; };
		21426F8E288B2472005C257F /* Quiz_AppTests.swift */ = {isa = PBXFileReference; lastKnownFileType = sourcecode.swift; path = Quiz_AppTests.swift; sourceTree = "<group>"; };
		21426F94288B2472005C257F /* Quiz AppUITests.xctest */ = {isa = PBXFileReference; explicitFileType = wrapper.cfbundle; includeInIndex = 0; path = "Quiz AppUITests.xctest"; sourceTree = BUILT_PRODUCTS_DIR; };
		21426F98288B2472005C257F /* Quiz_AppUITests.swift */ = {isa = PBXFileReference; lastKnownFileType = sourcecode.swift; path = Quiz_AppUITests.swift; sourceTree = "<group>"; };
		21426F9A288B2472005C257F /* Quiz_AppUITestsLaunchTests.swift */ = {isa = PBXFileReference; lastKnownFileType = sourcecode.swift; path = Quiz_AppUITestsLaunchTests.swift; sourceTree = "<group>"; };
/* End PBXFileReference section */

/* Begin PBXFrameworksBuildPhase section */
		21426F71288B2471005C257F /* Frameworks */ = {
			isa = PBXFrameworksBuildPhase;
			buildActionMask = 2147483647;
			files = (
			);
			runOnlyForDeploymentPostprocessing = 0;
		};
		21426F87288B2472005C257F /* Frameworks */ = {
			isa = PBXFrameworksBuildPhase;
			buildActionMask = 2147483647;
			files = (
			);
			runOnlyForDeploymentPostprocessing = 0;
		};
		21426F91288B2472005C257F /* Frameworks */ = {
			isa = PBXFrameworksBuildPhase;
			buildActionMask = 2147483647;
			files = (
			);
			runOnlyForDeploymentPostprocessing = 0;
		};
/* End PBXFrameworksBuildPhase section */

/* Begin PBXGroup section */
		21426F6B288B2471005C257F = {
			isa = PBXGroup;
			children = (
				21426F76288B2471005C257F /* Quiz App */,
				21426F75288B2471005C257F /* Products */,
			);
			sourceTree = "<group>";
		};
		21426F75288B2471005C257F /* Products */ = {
			isa = PBXGroup;
			children = (
				21426F74288B2471005C257F /* Quiz App.app */,
				21426F8A288B2472005C257F /* Quiz AppTests.xctest */,
				21426F94288B2472005C257F /* Quiz AppUITests.xctest */,
			);
			name = Products;
			sourceTree = "<group>";
		};
		21426F76288B2471005C257F /* Quiz App */ = {
			isa = PBXGroup;
			children = (
				21426FA8288B251E005C257F /* ViewModel */,
				21426FA9288B2562005C257F /* Controller */,
				21426FAA288B2596005C257F /* Model */,
				21426F8D288B2472005C257F /* Quiz AppTests */,
				21426F97288B2472005C257F /* Quiz AppUITests */,
				21426F77288B2471005C257F /* AppDelegate.swift */,
				21426F79288B2471005C257F /* SceneDelegate.swift */,
				21426F7D288B2471005C257F /* Main.storyboard */,
				21426F80288B2472005C257F /* Assets.xcassets */,
				21426F82288B2472005C257F /* LaunchScreen.storyboard */,
				21426F85288B2472005C257F /* Info.plist */,
			);
			path = "Quiz App";
			sourceTree = "<group>";
		};
		21426F8D288B2472005C257F /* Quiz AppTests */ = {
			isa = PBXGroup;
			children = (
				21426F8E288B2472005C257F /* Quiz_AppTests.swift */,
			);
			path = "Quiz AppTests";
			sourceTree = "<group>";
		};
		21426F97288B2472005C257F /* Quiz AppUITests */ = {
			isa = PBXGroup;
			children = (
				21426F98288B2472005C257F /* Quiz_AppUITests.swift */,
				21426F9A288B2472005C257F /* Quiz_AppUITestsLaunchTests.swift */,
			);
			path = "Quiz AppUITests";
			sourceTree = "<group>";
		};
		21426FA8288B251E005C257F /* ViewModel */ = {
			isa = PBXGroup;
			children = (
			);
			path = ViewModel;
			sourceTree = "<group>";
		};
		21426FA9288B2562005C257F /* Controller */ = {
			isa = PBXGroup;
			children = (
				21426F7B288B2471005C257F /* ViewController.swift */,
			);
			path = Controller;
			sourceTree = "<group>";
		};
		21426FAA288B2596005C257F /* Model */ = {
			isa = PBXGroup;
			children = (
			);
			path = Model;
			sourceTree = "<group>";
		};
/* End PBXGroup section */

/* Begin PBXNativeTarget section */
		21426F73288B2471005C257F /* Quiz App */ = {
			isa = PBXNativeTarget;
			buildConfigurationList = 21426F9E288B2472005C257F /* Build configuration list for PBXNativeTarget "Quiz App" */;
			buildPhases = (
				21426F70288B2471005C257F /* Sources */,
				21426F71288B2471005C257F /* Frameworks */,
				21426F72288B2471005C257F /* Resources */,
			);
			buildRules = (
			);
			dependencies = (
			);
			name = "Quiz App";
			productName = "Quiz App";
			productReference = 21426F74288B2471005C257F /* Quiz App.app */;
			productType = "com.apple.product-type.application";
		};
		21426F89288B2472005C257F /* Quiz AppTests */ = {
			isa = PBXNativeTarget;
			buildConfigurationList = 21426FA1288B2472005C257F /* Build configuration list for PBXNativeTarget "Quiz AppTests" */;
			buildPhases = (
				21426F86288B2472005C257F /* Sources */,
				21426F87288B2472005C257F /* Frameworks */,
				21426F88288B2472005C257F /* Resources */,
			);
			buildRules = (
			);
			dependencies = (
				21426F8C288B2472005C257F /* PBXTargetDependency */,
			);
			name = "Quiz AppTests";
			productName = "Quiz AppTests";
			productReference = 21426F8A288B2472005C257F /* Quiz AppTests.xctest */;
			productType = "com.apple.product-type.bundle.unit-test";
		};
		21426F93288B2472005C257F /* Quiz AppUITests */ = {
			isa = PBXNativeTarget;
			buildConfigurationList = 21426FA4288B2472005C257F /* Build configuration list for PBXNativeTarget "Quiz AppUITests" */;
			buildPhases = (
				21426F90288B2472005C257F /* Sources */,
				21426F91288B2472005C257F /* Frameworks */,
				21426F92288B2472005C257F /* Resources */,
			);
			buildRules = (
			);
			dependencies = (
				21426F96288B2472005C257F /* PBXTargetDependency */,
			);
			name = "Quiz AppUITests";
			productName = "Quiz AppUITests";
			productReference = 21426F94288B2472005C257F /* Quiz AppUITests.xctest */;
			productType = "com.apple.product-type.bundle.ui-testing";
		};
/* End PBXNativeTarget section */

/* Begin PBXProject section */
		21426F6C288B2471005C257F /* Project object */ = {
			isa = PBXProject;
			attributes = {
				BuildIndependentTargetsInParallel = 1;
				LastSwiftUpdateCheck = 1340;
				LastUpgradeCheck = 1340;
				TargetAttributes = {
					21426F73288B2471005C257F = {
						CreatedOnToolsVersion = 13.4.1;
					};
					21426F89288B2472005C257F = {
						CreatedOnToolsVersion = 13.4.1;
						TestTargetID = 21426F73288B2471005C257F;
					};
					21426F93288B2472005C257F = {
						CreatedOnToolsVersion = 13.4.1;
						TestTargetID = 21426F73288B2471005C257F;
					};
				};
			};
			buildConfigurationList = 21426F6F288B2471005C257F /* Build configuration list for PBXProject "Quiz App" */;
			compatibilityVersion = "Xcode 13.0";
			developmentRegion = en;
			hasScannedForEncodings = 0;
			knownRegions = (
				en,
				Base,
			);
			mainGroup = 21426F6B288B2471005C257F;
			productRefGroup = 21426F75288B2471005C257F /* Products */;
			projectDirPath = "";
			projectRoot = "";
			targets = (
				21426F73288B2471005C257F /* Quiz App */,
				21426F89288B2472005C257F /* Quiz AppTests */,
				21426F93288B2472005C257F /* Quiz AppUITests */,
			);
		};
/* End PBXProject section */

/* Begin PBXResourcesBuildPhase section */
		21426F72288B2471005C257F /* Resources */ = {
			isa = PBXResourcesBuildPhase;
			buildActionMask = 2147483647;
			files = (
				21426F84288B2472005C257F /* LaunchScreen.storyboard in Resources */,
				21426F81288B2472005C257F /* Assets.xcassets in Resources */,
				21426F7F288B2471005C257F /* Main.storyboard in Resources */,
			);
			runOnlyForDeploymentPostprocessing = 0;
		};
		21426F88288B2472005C257F /* Resources */ = {
			isa = PBXResourcesBuildPhase;
			buildActionMask = 2147483647;
			files = (
			);
			runOnlyForDeploymentPostprocessing = 0;
		};
		21426F92288B2472005C257F /* Resources */ = {
			isa = PBXResourcesBuildPhase;
			buildActionMask = 2147483647;
			files = (
			);
			runOnlyForDeploymentPostprocessing = 0;
		};
/* End PBXResourcesBuildPhase section */

/* Begin PBXSourcesBuildPhase section */
		21426F70288B2471005C257F /* Sources */ = {
			isa = PBXSourcesBuildPhase;
			buildActionMask = 2147483647;
			files = (
				21426FAE288B2608005C257F /* AppDelegate.swift in Sources */,
				21426F7C288B2471005C257F /* ViewController.swift in Sources */,
				21426FAD288B25F2005C257F /* SceneDelegate.swift in Sources */,
			);
			runOnlyForDeploymentPostprocessing = 0;
		};
		21426F86288B2472005C257F /* Sources */ = {
			isa = PBXSourcesBuildPhase;
			buildActionMask = 2147483647;
			files = (
				21426F8F288B2472005C257F /* Quiz_AppTests.swift in Sources */,
			);
			runOnlyForDeploymentPostprocessing = 0;
		};
		21426F90288B2472005C257F /* Sources */ = {
			isa = PBXSourcesBuildPhase;
			buildActionMask = 2147483647;
			files = (
				21426F9B288B2472005C257F /* Quiz_AppUITestsLaunchTests.swift in Sources */,
				21426F99288B2472005C257F /* Quiz_AppUITests.swift in Sources */,
			);
			runOnlyForDeploymentPostprocessing = 0;
		};
/* End PBXSourcesBuildPhase section */

/* Begin PBXTargetDependency section */
		21426F8C288B2472005C257F /* PBXTargetDependency */ = {
			isa = PBXTargetDependency;
			target = 21426F73288B2471005C257F /* Quiz App */;
			targetProxy = 21426F8B288B2472005C257F /* PBXContainerItemProxy */;
		};
		21426F96288B2472005C257F /* PBXTargetDependency */ = {
			isa = PBXTargetDependency;
			target = 21426F73288B2471005C257F /* Quiz App */;
			targetProxy = 21426F95288B2472005C257F /* PBXContainerItemProxy */;
		};
/* End PBXTargetDependency section */

/* Begin PBXVariantGroup section */
		21426F7D288B2471005C257F /* Main.storyboard */ = {
			isa = PBXVariantGroup;
			children = (
				21426F7E288B2471005C257F /* Base */,
			);
			name = Main.storyboard;
			sourceTree = "<group>";
		};
		21426F82288B2472005C257F /* LaunchScreen.storyboard */ = {
			isa = PBXVariantGroup;
			children = (
				21426F83288B2472005C257F /* Base */,
			);
			name = LaunchScreen.storyboard;
			sourceTree = "<group>";
		};
/* End PBXVariantGroup section */

/* Begin XCBuildConfiguration section */
		21426F9C288B2472005C257F /* Debug */ = {
			isa = XCBuildConfiguration;
			buildSettings = {
				ALWAYS_SEARCH_USER_PATHS = NO;
				CLANG_ANALYZER_NONNULL = YES;
				CLANG_ANALYZER_NUMBER_OBJECT_CONVERSION = YES_AGGRESSIVE;
				CLANG_CXX_LANGUAGE_STANDARD = "gnu++17";
				CLANG_ENABLE_MODULES = YES;
				CLANG_ENABLE_OBJC_ARC = YES;
				CLANG_ENABLE_OBJC_WEAK = YES;
				CLANG_WARN_BLOCK_CAPTURE_AUTORELEASING = YES;
				CLANG_WARN_BOOL_CONVERSION = YES;
				CLANG_WARN_COMMA = YES;
				CLANG_WARN_CONSTANT_CONVERSION = YES;
				CLANG_WARN_DEPRECATED_OBJC_IMPLEMENTATIONS = YES;
				CLANG_WARN_DIRECT_OBJC_ISA_USAGE = YES_ERROR;
				CLANG_WARN_DOCUMENTATION_COMMENTS = YES;
				CLANG_WARN_EMPTY_BODY = YES;
				CLANG_WARN_ENUM_CONVERSION = YES;
				CLANG_WARN_INFINITE_RECURSION = YES;
				CLANG_WARN_INT_CONVERSION = YES;
				CLANG_WARN_NON_LITERAL_NULL_CONVERSION = YES;
				CLANG_WARN_OBJC_IMPLICIT_RETAIN_SELF = YES;
				CLANG_WARN_OBJC_LITERAL_CONVERSION = YES;
				CLANG_WARN_OBJC_ROOT_CLASS = YES_ERROR;
				CLANG_WARN_QUOTED_INCLUDE_IN_FRAMEWORK_HEADER = YES;
				CLANG_WARN_RANGE_LOOP_ANALYSIS = YES;
				CLANG_WARN_STRICT_PROTOTYPES = YES;
				CLANG_WARN_SUSPICIOUS_MOVE = YES;
				CLANG_WARN_UNGUARDED_AVAILABILITY = YES_AGGRESSIVE;
				CLANG_WARN_UNREACHABLE_CODE = YES;
				CLANG_WARN__DUPLICATE_METHOD_MATCH = YES;
				COPY_PHASE_STRIP = NO;
				DEBUG_INFORMATION_FORMAT = dwarf;
				ENABLE_STRICT_OBJC_MSGSEND = YES;
				ENABLE_TESTABILITY = YES;
				GCC_C_LANGUAGE_STANDARD = gnu11;
				GCC_DYNAMIC_NO_PIC = NO;
				GCC_NO_COMMON_BLOCKS = YES;
				GCC_OPTIMIZATION_LEVEL = 0;
				GCC_PREPROCESSOR_DEFINITIONS = (
					"DEBUG=1",
					"$(inherited)",
				);
				GCC_WARN_64_TO_32_BIT_CONVERSION = YES;
				GCC_WARN_ABOUT_RETURN_TYPE = YES_ERROR;
				GCC_WARN_UNDECLARED_SELECTOR = YES;
				GCC_WARN_UNINITIALIZED_AUTOS = YES_AGGRESSIVE;
				GCC_WARN_UNUSED_FUNCTION = YES;
				GCC_WARN_UNUSED_VARIABLE = YES;
				IPHONEOS_DEPLOYMENT_TARGET = 15.5;
				MTL_ENABLE_DEBUG_INFO = INCLUDE_SOURCE;
				MTL_FAST_MATH = YES;
				ONLY_ACTIVE_ARCH = YES;
				SDKROOT = iphoneos;
				SWIFT_ACTIVE_COMPILATION_CONDITIONS = DEBUG;
				SWIFT_OPTIMIZATION_LEVEL = "-Onone";
			};
			name = Debug;
		};
		21426F9D288B2472005C257F /* Release */ = {
			isa = XCBuildConfiguration;
			buildSettings = {
				ALWAYS_SEARCH_USER_PATHS = NO;
				CLANG_ANALYZER_NONNULL = YES;
				CLANG_ANALYZER_NUMBER_OBJECT_CONVERSION = YES_AGGRESSIVE;
				CLANG_CXX_LANGUAGE_STANDARD = "gnu++17";
				CLANG_ENABLE_MODULES = YES;
				CLANG_ENABLE_OBJC_ARC = YES;
				CLANG_ENABLE_OBJC_WEAK = YES;
				CLANG_WARN_BLOCK_CAPTURE_AUTORELEASING = YES;
				CLANG_WARN_BOOL_CONVERSION = YES;
				CLANG_WARN_COMMA = YES;
				CLANG_WARN_CONSTANT_CONVERSION = YES;
				CLANG_WARN_DEPRECATED_OBJC_IMPLEMENTATIONS = YES;
				CLANG_WARN_DIRECT_OBJC_ISA_USAGE = YES_ERROR;
				CLANG_WARN_DOCUMENTATION_COMMENTS = YES;
				CLANG_WARN_EMPTY_BODY = YES;
				CLANG_WARN_ENUM_CONVERSION = YES;
				CLANG_WARN_INFINITE_RECURSION = YES;
				CLANG_WARN_INT_CONVERSION = YES;
				CLANG_WARN_NON_LITERAL_NULL_CONVERSION = YES;
				CLANG_WARN_OBJC_IMPLICIT_RETAIN_SELF = YES;
				CLANG_WARN_OBJC_LITERAL_CONVERSION = YES;
				CLANG_WARN_OBJC_ROOT_CLASS = YES_ERROR;
				CLANG_WARN_QUOTED_INCLUDE_IN_FRAMEWORK_HEADER = YES;
				CLANG_WARN_RANGE_LOOP_ANALYSIS = YES;
				CLANG_WARN_STRICT_PROTOTYPES = YES;
				CLANG_WARN_SUSPICIOUS_MOVE = YES;
				CLANG_WARN_UNGUARDED_AVAILABILITY = YES_AGGRESSIVE;
				CLANG_WARN_UNREACHABLE_CODE = YES;
				CLANG_WARN__DUPLICATE_METHOD_MATCH = YES;
				COPY_PHASE_STRIP = NO;
				DEBUG_INFORMATION_FORMAT = "dwarf-with-dsym";
				ENABLE_NS_ASSERTIONS = NO;
				ENABLE_STRICT_OBJC_MSGSEND = YES;
				GCC_C_LANGUAGE_STANDARD = gnu11;
				GCC_NO_COMMON_BLOCKS = YES;
				GCC_WARN_64_TO_32_BIT_CONVERSION = YES;
				GCC_WARN_ABOUT_RETURN_TYPE = YES_ERROR;
				GCC_WARN_UNDECLARED_SELECTOR = YES;
				GCC_WARN_UNINITIALIZED_AUTOS = YES_AGGRESSIVE;
				GCC_WARN_UNUSED_FUNCTION = YES;
				GCC_WARN_UNUSED_VARIABLE = YES;
				IPHONEOS_DEPLOYMENT_TARGET = 15.5;
				MTL_ENABLE_DEBUG_INFO = NO;
				MTL_FAST_MATH = YES;
				SDKROOT = iphoneos;
				SWIFT_COMPILATION_MODE = wholemodule;
				SWIFT_OPTIMIZATION_LEVEL = "-O";
				VALIDATE_PRODUCT = YES;
			};
			name = Release;
		};
		21426F9F288B2472005C257F /* Debug */ = {
			isa = XCBuildConfiguration;
			buildSettings = {
				ASSETCATALOG_COMPILER_APPICON_NAME = AppIcon;
				ASSETCATALOG_COMPILER_GLOBAL_ACCENT_COLOR_NAME = AccentColor;
				CODE_SIGN_STYLE = Automatic;
				CURRENT_PROJECT_VERSION = 1;
				GENERATE_INFOPLIST_FILE = YES;
				INFOPLIST_FILE = "Quiz App/Info.plist";
				INFOPLIST_KEY_UIApplicationSupportsIndirectInputEvents = YES;
				INFOPLIST_KEY_UILaunchStoryboardName = LaunchScreen;
				INFOPLIST_KEY_UIMainStoryboardFile = Main;
				INFOPLIST_KEY_UISupportedInterfaceOrientations_iPad = "UIInterfaceOrientationPortrait UIInterfaceOrientationPortraitUpsideDown UIInterfaceOrientationLandscapeLeft UIInterfaceOrientationLandscapeRight";
				INFOPLIST_KEY_UISupportedInterfaceOrientations_iPhone = "UIInterfaceOrientationPortrait UIInterfaceOrientationLandscapeLeft UIInterfaceOrientationLandscapeRight";
				LD_RUNPATH_SEARCH_PATHS = (
					"$(inherited)",
					"@executable_path/Frameworks",
				);
				MARKETING_VERSION = 1.0;
				PRODUCT_BUNDLE_IDENTIFIER = "com.murad.www.Quiz-App";
				PRODUCT_NAME = "$(TARGET_NAME)";
				SWIFT_EMIT_LOC_STRINGS = YES;
				SWIFT_VERSION = 5.0;
				TARGETED_DEVICE_FAMILY = "1,2";
			};
			name = Debug;
		};
		21426FA0288B2472005C257F /* Release */ = {
			isa = XCBuildConfiguration;
			buildSettings = {
				ASSETCATALOG_COMPILER_APPICON_NAME = AppIcon;
				ASSETCATALOG_COMPILER_GLOBAL_ACCENT_COLOR_NAME = AccentColor;
				CODE_SIGN_STYLE = Automatic;
				CURRENT_PROJECT_VERSION = 1;
				GENERATE_INFOPLIST_FILE = YES;
				INFOPLIST_FILE = "Quiz App/Info.plist";
				INFOPLIST_KEY_UIApplicationSupportsIndirectInputEvents = YES;
				INFOPLIST_KEY_UILaunchStoryboardName = LaunchScreen;
				INFOPLIST_KEY_UIMainStoryboardFile = Main;
				INFOPLIST_KEY_UISupportedInterfaceOrientations_iPad = "UIInterfaceOrientationPortrait UIInterfaceOrientationPortraitUpsideDown UIInterfaceOrientationLandscapeLeft UIInterfaceOrientationLandscapeRight";
				INFOPLIST_KEY_UISupportedInterfaceOrientations_iPhone = "UIInterfaceOrientationPortrait UIInterfaceOrientationLandscapeLeft UIInterfaceOrientationLandscapeRight";
				LD_RUNPATH_SEARCH_PATHS = (
					"$(inherited)",
					"@executable_path/Frameworks",
				);
				MARKETING_VERSION = 1.0;
				PRODUCT_BUNDLE_IDENTIFIER = "com.murad.www.Quiz-App";
				PRODUCT_NAME = "$(TARGET_NAME)";
				SWIFT_EMIT_LOC_STRINGS = YES;
				SWIFT_VERSION = 5.0;
				TARGETED_DEVICE_FAMILY = "1,2";
			};
			name = Release;
		};
		21426FA2288B2472005C257F /* Debug */ = {
			isa = XCBuildConfiguration;
			buildSettings = {
				ALWAYS_EMBED_SWIFT_STANDARD_LIBRARIES = YES;
				BUNDLE_LOADER = "$(TEST_HOST)";
				CODE_SIGN_STYLE = Automatic;
				CURRENT_PROJECT_VERSION = 1;
				GENERATE_INFOPLIST_FILE = YES;
				IPHONEOS_DEPLOYMENT_TARGET = 15.5;
				MARKETING_VERSION = 1.0;
				PRODUCT_BUNDLE_IDENTIFIER = "com.murad.www.Quiz-AppTests";
				PRODUCT_NAME = "$(TARGET_NAME)";
				SWIFT_EMIT_LOC_STRINGS = NO;
				SWIFT_VERSION = 5.0;
				TARGETED_DEVICE_FAMILY = "1,2";
				TEST_HOST = "$(BUILT_PRODUCTS_DIR)/Quiz App.app/Quiz App";
			};
			name = Debug;
		};
		21426FA3288B2472005C257F /* Release */ = {
			isa = XCBuildConfiguration;
			buildSettings = {
				ALWAYS_EMBED_SWIFT_STANDARD_LIBRARIES = YES;
				BUNDLE_LOADER = "$(TEST_HOST)";
				CODE_SIGN_STYLE = Automatic;
				CURRENT_PROJECT_VERSION = 1;
				GENERATE_INFOPLIST_FILE = YES;
				IPHONEOS_DEPLOYMENT_TARGET = 15.5;
				MARKETING_VERSION = 1.0;
				PRODUCT_BUNDLE_IDENTIFIER = "com.murad.www.Quiz-AppTests";
				PRODUCT_NAME = "$(TARGET_NAME)";
				SWIFT_EMIT_LOC_STRINGS = NO;
				SWIFT_VERSION = 5.0;
				TARGETED_DEVICE_FAMILY = "1,2";
				TEST_HOST = "$(BUILT_PRODUCTS_DIR)/Quiz App.app/Quiz App";
			};
			name = Release;
		};
		21426FA5288B2472005C257F /* Debug */ = {
			isa = XCBuildConfiguration;
			buildSettings = {
				ALWAYS_EMBED_SWIFT_STANDARD_LIBRARIES = YES;
				CODE_SIGN_STYLE = Automatic;
				CURRENT_PROJECT_VERSION = 1;
				GENERATE_INFOPLIST_FILE = YES;
				MARKETING_VERSION = 1.0;
				PRODUCT_BUNDLE_IDENTIFIER = "com.murad.www.Quiz-AppUITests";
				PRODUCT_NAME = "$(TARGET_NAME)";
				SWIFT_EMIT_LOC_STRINGS = NO;
				SWIFT_VERSION = 5.0;
				TARGETED_DEVICE_FAMILY = "1,2";
				TEST_TARGET_NAME = "Quiz App";
			};
			name = Debug;
		};
		21426FA6288B2472005C257F /* Release */ = {
			isa = XCBuildConfiguration;
			buildSettings = {
				ALWAYS_EMBED_SWIFT_STANDARD_LIBRARIES = YES;
				CODE_SIGN_STYLE = Automatic;
				CURRENT_PROJECT_VERSION = 1;
				GENERATE_INFOPLIST_FILE = YES;
				MARKETING_VERSION = 1.0;
				PRODUCT_BUNDLE_IDENTIFIER = "com.murad.www.Quiz-AppUITests";
				PRODUCT_NAME = "$(TARGET_NAME)";
				SWIFT_EMIT_LOC_STRINGS = NO;
				SWIFT_VERSION = 5.0;
				TARGETED_DEVICE_FAMILY = "1,2";
				TEST_TARGET_NAME = "Quiz App";
			};
			name = Release;
		};
/* End XCBuildConfiguration section */

/* Begin XCConfigurationList section */
		21426F6F288B2471005C257F /* Build configuration list for PBXProject "Quiz App" */ = {
			isa = XCConfigurationList;
			buildConfigurations = (
				21426F9C288B2472005C257F /* Debug */,
				21426F9D288B2472005C257F /* Release */,
			);
			defaultConfigurationIsVisible = 0;
			defaultConfigurationName = Release;
		};
		21426F9E288B2472005C257F /* Build configuration list for PBXNativeTarget "Quiz App" */ = {
			isa = XCConfigurationList;
			buildConfigurations = (
				21426F9F288B2472005C257F /* Debug */,
				21426FA0288B2472005C257F /* Release */,
			);
			defaultConfigurationIsVisible = 0;
			defaultConfigurationName = Release;
		};
		21426FA1288B2472005C257F /* Build configuration list for PBXNativeTarget "Quiz AppTests" */ = {
			isa = XCConfigurationList;
			buildConfigurations = (
				21426FA2288B2472005C257F /* Debug */,
				21426FA3288B2472005C257F /* Release */,
			);
			defaultConfigurationIsVisible = 0;
			defaultConfigurationName = Release;
		};
		21426FA4288B2472005C257F /* Build configuration list for PBXNativeTarget "Quiz AppUITests" */ = {
			isa = XCConfigurationList;
			buildConfigurations = (
				21426FA5288B2472005C257F /* Debug */,
				21426FA6288B2472005C257F /* Release */,
			);
			defaultConfigurationIsVisible = 0;
			defaultConfigurationName = Release;
		};
/* End XCConfigurationList section */
	};
	rootObject = 21426F6C288B2471005C257F /* Project object */;
}
